// !$*UTF8*$!
{
	archiveVersion = 1;
	classes = {
	};
	objectVersion = 46;
	objects = {

/* Begin PBXBuildFile section */
		6059E9971EA2075000E2A539 /* AppDelegate.swift in Sources */ = {isa = PBXBuildFile; fileRef = 6059E9961EA2075000E2A539 /* AppDelegate.swift */; };
		6059E99C1EA2075000E2A539 /* Main.storyboard in Resources */ = {isa = PBXBuildFile; fileRef = 6059E99A1EA2075000E2A539 /* Main.storyboard */; };
		6059E99F1EA2075000E2A539 /* ContactApps.xcdatamodeld in Sources */ = {isa = PBXBuildFile; fileRef = 6059E99D1EA2075000E2A539 /* ContactApps.xcdatamodeld */; };
		6059E9A11EA2075000E2A539 /* Assets.xcassets in Resources */ = {isa = PBXBuildFile; fileRef = 6059E9A01EA2075000E2A539 /* Assets.xcassets */; };
		6059E9A41EA2075000E2A539 /* LaunchScreen.storyboard in Resources */ = {isa = PBXBuildFile; fileRef = 6059E9A21EA2075000E2A539 /* LaunchScreen.storyboard */; };
		6059E9B91EA20C3100E2A539 /* ContactListCell.swift in Sources */ = {isa = PBXBuildFile; fileRef = 6059E9B81EA20C3100E2A539 /* ContactListCell.swift */; };
		6059E9BB1EA20C4400E2A539 /* RoundedImage.swift in Sources */ = {isa = PBXBuildFile; fileRef = 6059E9BA1EA20C4400E2A539 /* RoundedImage.swift */; };
		6059E9BD1EA20CB200E2A539 /* ContactVC.swift in Sources */ = {isa = PBXBuildFile; fileRef = 6059E9BC1EA20CB200E2A539 /* ContactVC.swift */; };
/* End PBXBuildFile section */

/* Begin PBXFileReference section */
		6059E9931EA2075000E2A539 /* ContactApps.app */ = {isa = PBXFileReference; explicitFileType = wrapper.application; includeInIndex = 0; path = ContactApps.app; sourceTree = BUILT_PRODUCTS_DIR; };
		6059E9961EA2075000E2A539 /* AppDelegate.swift */ = {isa = PBXFileReference; lastKnownFileType = sourcecode.swift; path = AppDelegate.swift; sourceTree = "<group>"; };
		6059E99B1EA2075000E2A539 /* Base */ = {isa = PBXFileReference; lastKnownFileType = file.storyboard; name = Base; path = Base.lproj/Main.storyboard; sourceTree = "<group>"; };
		6059E99E1EA2075000E2A539 /* ContactApps.xcdatamodel */ = {isa = PBXFileReference; lastKnownFileType = wrapper.xcdatamodel; path = ContactApps.xcdatamodel; sourceTree = "<group>"; };
		6059E9A01EA2075000E2A539 /* Assets.xcassets */ = {isa = PBXFileReference; lastKnownFileType = folder.assetcatalog; path = Assets.xcassets; sourceTree = "<group>"; };
		6059E9A31EA2075000E2A539 /* Base */ = {isa = PBXFileReference; lastKnownFileType = file.storyboard; name = Base; path = Base.lproj/LaunchScreen.storyboard; sourceTree = "<group>"; };
		6059E9A51EA2075000E2A539 /* Info.plist */ = {isa = PBXFileReference; lastKnownFileType = text.plist.xml; path = Info.plist; sourceTree = "<group>"; };
		6059E9B81EA20C3100E2A539 /* ContactListCell.swift */ = {isa = PBXFileReference; fileEncoding = 4; lastKnownFileType = sourcecode.swift; path = ContactListCell.swift; sourceTree = "<group>"; };
		6059E9BA1EA20C4400E2A539 /* RoundedImage.swift */ = {isa = PBXFileReference; fileEncoding = 4; lastKnownFileType = sourcecode.swift; path = RoundedImage.swift; sourceTree = "<group>"; };
		6059E9BC1EA20CB200E2A539 /* ContactVC.swift */ = {isa = PBXFileReference; fileEncoding = 4; lastKnownFileType = sourcecode.swift; path = ContactVC.swift; sourceTree = "<group>"; };
/* End PBXFileReference section */

/* Begin PBXFrameworksBuildPhase section */
		6059E9901EA2075000E2A539 /* Frameworks */ = {
			isa = PBXFrameworksBuildPhase;
			buildActionMask = 2147483647;
			files = (
			);
			runOnlyForDeploymentPostprocessing = 0;
		};
/* End PBXFrameworksBuildPhase section */

/* Begin PBXGroup section */
		6059E98A1EA2075000E2A539 = {
			isa = PBXGroup;
			children = (
				6059E9951EA2075000E2A539 /* ContactApps */,
				6059E9941EA2075000E2A539 /* Products */,
			);
			sourceTree = "<group>";
		};
		6059E9941EA2075000E2A539 /* Products */ = {
			isa = PBXGroup;
			children = (
				6059E9931EA2075000E2A539 /* ContactApps.app */,
			);
			name = Products;
			sourceTree = "<group>";
		};
		6059E9951EA2075000E2A539 /* ContactApps */ = {
			isa = PBXGroup;
			children = (
				6059E9AE1EA2078700E2A539 /* Assets */,
				6059E9AB1EA2075700E2A539 /* Model */,
				6059E9AC1EA2076800E2A539 /* View */,
				6059E9AD1EA2076D00E2A539 /* Controller */,
				6059E9961EA2075000E2A539 /* AppDelegate.swift */,
				6059E9A51EA2075000E2A539 /* Info.plist */,
				6059E99D1EA2075000E2A539 /* ContactApps.xcdatamodeld */,
			);
			path = ContactApps;
			sourceTree = "<group>";
		};
		6059E9AB1EA2075700E2A539 /* Model */ = {
			isa = PBXGroup;
			children = (
			);
			name = Model;
			sourceTree = "<group>";
		};
		6059E9AC1EA2076800E2A539 /* View */ = {
			isa = PBXGroup;
			children = (
				6059E99A1EA2075000E2A539 /* Main.storyboard */,
				6059E9A21EA2075000E2A539 /* LaunchScreen.storyboard */,
				6059E9B81EA20C3100E2A539 /* ContactListCell.swift */,
				6059E9BA1EA20C4400E2A539 /* RoundedImage.swift */,
			);
			name = View;
			sourceTree = "<group>";
		};
		6059E9AD1EA2076D00E2A539 /* Controller */ = {
			isa = PBXGroup;
			children = (
				6059E9BC1EA20CB200E2A539 /* ContactVC.swift */,
			);
			name = Controller;
			sourceTree = "<group>";
		};
		6059E9AE1EA2078700E2A539 /* Assets */ = {
			isa = PBXGroup;
			children = (
				6059E9A01EA2075000E2A539 /* Assets.xcassets */,
			);
			name = Assets;
			sourceTree = "<group>";
		};
/* End PBXGroup section */

/* Begin PBXNativeTarget section */
		6059E9921EA2075000E2A539 /* ContactApps */ = {
			isa = PBXNativeTarget;
			buildConfigurationList = 6059E9A81EA2075000E2A539 /* Build configuration list for PBXNativeTarget "ContactApps" */;
			buildPhases = (
				6059E98F1EA2075000E2A539 /* Sources */,
				6059E9901EA2075000E2A539 /* Frameworks */,
				6059E9911EA2075000E2A539 /* Resources */,
			);
			buildRules = (
			);
			dependencies = (
			);
			name = ContactApps;
			productName = ContactApps;
			productReference = 6059E9931EA2075000E2A539 /* ContactApps.app */;
			productType = "com.apple.product-type.application";
		};
/* End PBXNativeTarget section */

/* Begin PBXProject section */
		6059E98B1EA2075000E2A539 /* Project object */ = {
			isa = PBXProject;
			attributes = {
				LastSwiftUpdateCheck = 0830;
				LastUpgradeCheck = 0830;
				ORGANIZATIONNAME = tedihouse;
				TargetAttributes = {
					6059E9921EA2075000E2A539 = {
						CreatedOnToolsVersion = 8.3.1;
						DevelopmentTeam = 7UJJ655T8G;
						ProvisioningStyle = Automatic;
					};
				};
			};
			buildConfigurationList = 6059E98E1EA2075000E2A539 /* Build configuration list for PBXProject "ContactApps" */;
			compatibilityVersion = "Xcode 3.2";
			developmentRegion = English;
			hasScannedForEncodings = 0;
			knownRegions = (
				en,
				Base,
			);
			mainGroup = 6059E98A1EA2075000E2A539;
			productRefGroup = 6059E9941EA2075000E2A539 /* Products */;
			projectDirPath = "";
			projectRoot = "";
			targets = (
				6059E9921EA2075000E2A539 /* ContactApps */,
			);
		};
/* End PBXProject section */

/* Begin PBXResourcesBuildPhase section */
		6059E9911EA2075000E2A539 /* Resources */ = {
			isa = PBXResourcesBuildPhase;
			buildActionMask = 2147483647;
			files = (
				6059E9A41EA2075000E2A539 /* LaunchScreen.storyboard in Resources */,
				6059E9A11EA2075000E2A539 /* Assets.xcassets in Resources */,
				6059E99C1EA2075000E2A539 /* Main.storyboard in Resources */,
			);
			runOnlyForDeploymentPostprocessing = 0;
		};
/* End PBXResourcesBuildPhase section */

/* Begin PBXSourcesBuildPhase section */
		6059E98F1EA2075000E2A539 /* Sources */ = {
			isa = PBXSourcesBuildPhase;
			buildActionMask = 2147483647;
			files = (
				6059E9B91EA20C3100E2A539 /* ContactListCell.swift in Sources */,
				6059E9BB1EA20C4400E2A539 /* RoundedImage.swift in Sources */,
				6059E99F1EA2075000E2A539 /* ContactApps.xcdatamodeld in Sources */,
				6059E9971EA2075000E2A539 /* AppDelegate.swift in Sources */,
				6059E9BD1EA20CB200E2A539 /* ContactVC.swift in Sources */,
			);
			runOnlyForDeploymentPostprocessing = 0;
		};
/* End PBXSourcesBuildPhase section */

/* Begin PBXVariantGroup section */
		6059E99A1EA2075000E2A539 /* Main.storyboard */ = {
			isa = PBXVariantGroup;
			children = (
				6059E99B1EA2075000E2A539 /* Base */,
			);
			name = Main.storyboard;
			sourceTree = "<group>";
		};
		6059E9A21EA2075000E2A539 /* LaunchScreen.storyboard */ = {
			isa = PBXVariantGroup;
			children = (
				6059E9A31EA2075000E2A539 /* Base */,
			);
			name = LaunchScreen.storyboard;
			sourceTree = "<group>";
		};
/* End PBXVariantGroup section */

/* Begin XCBuildConfiguration section */
		6059E9A61EA2075000E2A539 /* Debug */ = {
			isa = XCBuildConfiguration;
			buildSettings = {
				ALWAYS_SEARCH_USER_PATHS = NO;
				CLANG_ANALYZER_NONNULL = YES;
				CLANG_ANALYZER_NUMBER_OBJECT_CONVERSION = YES_AGGRESSIVE;
				CLANG_CXX_LANGUAGE_STANDARD = "gnu++0x";
				CLANG_CXX_LIBRARY = "libc++";
				CLANG_ENABLE_MODULES = YES;
				CLANG_ENABLE_OBJC_ARC = YES;
				CLANG_WARN_BOOL_CONVERSION = YES;
				CLANG_WARN_CONSTANT_CONVERSION = YES;
				CLANG_WARN_DIRECT_OBJC_ISA_USAGE = YES_ERROR;
				CLANG_WARN_DOCUMENTATION_COMMENTS = YES;
				CLANG_WARN_EMPTY_BODY = YES;
				CLANG_WARN_ENUM_CONVERSION = YES;
				CLANG_WARN_INFINITE_RECURSION = YES;
				CLANG_WARN_INT_CONVERSION = YES;
				CLANG_WARN_OBJC_ROOT_CLASS = YES_ERROR;
				CLANG_WARN_SUSPICIOUS_MOVE = YES;
				CLANG_WARN_UNREACHABLE_CODE = YES;
				CLANG_WARN__DUPLICATE_METHOD_MATCH = YES;
				"CODE_SIGN_IDENTITY[sdk=iphoneos*]" = "iPhone Developer";
				COPY_PHASE_STRIP = NO;
				DEBUG_INFORMATION_FORMAT = dwarf;
				ENABLE_STRICT_OBJC_MSGSEND = YES;
				ENABLE_TESTABILITY = YES;
				GCC_C_LANGUAGE_STANDARD = gnu99;
				GCC_DYNAMIC_NO_PIC = NO;
				GCC_NO_COMMON_BLOCKS = YES;
				GCC_OPTIMIZATION_LEVEL = 0;
				GCC_PREPROCESSOR_DEFINITIONS = (
					"DEBUG=1",
					"$(inherited)",
				);
				GCC_WARN_64_TO_32_BIT_CONVERSION = YES;
				GCC_WARN_ABOUT_RETURN_TYPE = YES_ERROR;
				GCC_WARN_UNDECLARED_SELECTOR = YES;
				GCC_WARN_UNINITIALIZED_AUTOS = YES_AGGRESSIVE;
				GCC_WARN_UNUSED_FUNCTION = YES;
				GCC_WARN_UNUSED_VARIABLE = YES;
				IPHONEOS_DEPLOYMENT_TARGET = 10.3;
				MTL_ENABLE_DEBUG_INFO = YES;
				ONLY_ACTIVE_ARCH = YES;
				SDKROOT = iphoneos;
				SWIFT_ACTIVE_COMPILATION_CONDITIONS = DEBUG;
				SWIFT_OPTIMIZATION_LEVEL = "-Onone";
			};
			name = Debug;
		};
		6059E9A71EA2075000E2A539 /* Release */ = {
			isa = XCBuildConfiguration;
			buildSettings = {
				ALWAYS_SEARCH_USER_PATHS = NO;
				CLANG_ANALYZER_NONNULL = YES;
				CLANG_ANALYZER_NUMBER_OBJECT_CONVERSION = YES_AGGRESSIVE;
				CLANG_CXX_LANGUAGE_STANDARD = "gnu++0x";
				CLANG_CXX_LIBRARY = "libc++";
				CLANG_ENABLE_MODULES = YES;
				CLANG_ENABLE_OBJC_ARC = YES;
				CLANG_WARN_BOOL_CONVERSION = YES;
				CLANG_WARN_CONSTANT_CONVERSION = YES;
				CLANG_WARN_DIRECT_OBJC_ISA_USAGE = YES_ERROR;
				CLANG_WARN_DOCUMENTATION_COMMENTS = YES;
				CLANG_WARN_EMPTY_BODY = YES;
				CLANG_WARN_ENUM_CONVERSION = YES;
				CLANG_WARN_INFINITE_RECURSION = YES;
				CLANG_WARN_INT_CONVERSION = YES;
				CLANG_WARN_OBJC_ROOT_CLASS = YES_ERROR;
				CLANG_WARN_SUSPICIOUS_MOVE = YES;
				CLANG_WARN_UNREACHABLE_CODE = YES;
				CLANG_WARN__DUPLICATE_METHOD_MATCH = YES;
				"CODE_SIGN_IDENTITY[sdk=iphoneos*]" = "iPhone Developer";
				COPY_PHASE_STRIP = NO;
				DEBUG_INFORMATION_FORMAT = "dwarf-with-dsym";
				ENABLE_NS_ASSERTIONS = NO;
				ENABLE_STRICT_OBJC_MSGSEND = YES;
				GCC_C_LANGUAGE_STANDARD = gnu99;
				GCC_NO_COMMON_BLOCKS = YES;
				GCC_WARN_64_TO_32_BIT_CONVERSION = YES;
				GCC_WARN_ABOUT_RETURN_TYPE = YES_ERROR;
				GCC_WARN_UNDECLARED_SELECTOR = YES;
				GCC_WARN_UNINITIALIZED_AUTOS = YES_AGGRESSIVE;
				GCC_WARN_UNUSED_FUNCTION = YES;
				GCC_WARN_UNUSED_VARIABLE = YES;
				IPHONEOS_DEPLOYMENT_TARGET = 10.3;
				MTL_ENABLE_DEBUG_INFO = NO;
				SDKROOT = iphoneos;
				SWIFT_OPTIMIZATION_LEVEL = "-Owholemodule";
				VALIDATE_PRODUCT = YES;
			};
			name = Release;
		};
		6059E9A91EA2075000E2A539 /* Debug */ = {
			isa = XCBuildConfiguration;
			buildSettings = {
				ASSETCATALOG_COMPILER_APPICON_NAME = AppIcon;
				DEVELOPMENT_TEAM = 7UJJ655T8G;
				INFOPLIST_FILE = ContactApps/Info.plist;
				LD_RUNPATH_SEARCH_PATHS = "$(inherited) @executable_path/Frameworks";
				PRODUCT_BUNDLE_IDENTIFIER = com.tedihouse.ContactApps;
				PRODUCT_NAME = "$(TARGET_NAME)";
				SWIFT_VERSION = 3.0;
			};
			name = Debug;
		};
		6059E9AA1EA2075000E2A539 /* Release */ = {
			isa = XCBuildConfiguration;
			buildSettings = {
				ASSETCATALOG_COMPILER_APPICON_NAME = AppIcon;
				DEVELOPMENT_TEAM = 7UJJ655T8G;
				INFOPLIST_FILE = ContactApps/Info.plist;
				LD_RUNPATH_SEARCH_PATHS = "$(inherited) @executable_path/Frameworks";
				PRODUCT_BUNDLE_IDENTIFIER = com.tedihouse.ContactApps;
				PRODUCT_NAME = "$(TARGET_NAME)";
				SWIFT_VERSION = 3.0;
			};
			name = Release;
		};
/* End XCBuildConfiguration section */

/* Begin XCConfigurationList section */
		6059E98E1EA2075000E2A539 /* Build configuration list for PBXProject "ContactApps" */ = {
			isa = XCConfigurationList;
			buildConfigurations = (
				6059E9A61EA2075000E2A539 /* Debug */,
				6059E9A71EA2075000E2A539 /* Release */,
			);
			defaultConfigurationIsVisible = 0;
			defaultConfigurationName = Release;
		};
		6059E9A81EA2075000E2A539 /* Build configuration list for PBXNativeTarget "ContactApps" */ = {
			isa = XCConfigurationList;
			buildConfigurations = (
				6059E9A91EA2075000E2A539 /* Debug */,
				6059E9AA1EA2075000E2A539 /* Release */,
			);
			defaultConfigurationIsVisible = 0;
		};
/* End XCConfigurationList section */

/* Begin XCVersionGroup section */
		6059E99D1EA2075000E2A539 /* ContactApps.xcdatamodeld */ = {
			isa = XCVersionGroup;
			children = (
				6059E99E1EA2075000E2A539 /* ContactApps.xcdatamodel */,
			);
			currentVersion = 6059E99E1EA2075000E2A539 /* ContactApps.xcdatamodel */;
			path = ContactApps.xcdatamodeld;
			sourceTree = "<group>";
			versionGroupType = wrapper.xcdatamodel;
		};
/* End XCVersionGroup section */
	};
	rootObject = 6059E98B1EA2075000E2A539 /* Project object */;
}
